
Microsoft Visual Studio Solution File, Format Version 12.00
# Visual Studio Version 17
VisualStudioVersion = 17.13.35825.156 d17.13
MinimumVisualStudioVersion = 10.0.40219.1
Project("{FAE04EC0-301F-11D3-BF4B-00C04F79EFBC}") = "GameStore.Api", "GameStore.Api\GameStore.Api.csproj", "{CD06A0BE-3791-4A59-91B3-9970C0AE8671}"
EndProject
Global
	GlobalSection(SolutionConfigurationPlatforms) = preSolution
		Debug|Any CPU = Debug|Any CPU
		Release|Any CPU = Release|Any CPU
	EndGlobalSection
	GlobalSection(ProjectConfigurationPlatforms) = postSolution
		{CD06A0BE-3791-4A59-91B3-9970C0AE8671}.Debug|Any CPU.ActiveCfg = Debug|Any CPU
		{CD06A0BE-3791-4A59-91B3-9970C0AE8671}.Debug|Any CPU.Build.0 = Debug|Any CPU
		{CD06A0BE-3791-4A59-91B3-9970C0AE8671}.Release|Any CPU.ActiveCfg = Release|Any CPU
		{CD06A0BE-3791-4A59-91B3-9970C0AE8671}.Release|Any CPU.Build.0 = Release|Any CPU
	EndGlobalSection
	GlobalSection(SolutionProperties) = preSolution
		HideSolutionNode = FALSE
	EndGlobalSection
	GlobalSection(ExtensibilityGlobals) = postSolution
		SolutionGuid = {642E9548-724F-42F1-8160-DEE944F44EBC}
	EndGlobalSection
EndGlobal
